// !$*UTF8*$!
{
	archiveVersion = 1;
	classes = {
	};
	objectVersion = 56;
	objects = {

/* Begin PBXBuildFile section */
		E26B495E2CE3CA00006BDF00 /* cvs_flickr_searchApp.swift in Sources */ = {isa = PBXBuildFile; fileRef = E26B495D2CE3CA00006BDF00 /* cvs_flickr_searchApp.swift */; };
		E26B49602CE3CA00006BDF00 /* ImageSearchView.swift in Sources */ = {isa = PBXBuildFile; fileRef = E26B495F2CE3CA00006BDF00 /* ImageSearchView.swift */; };
		E26B49622CE3CA01006BDF00 /* Assets.xcassets in Resources */ = {isa = PBXBuildFile; fileRef = E26B49612CE3CA01006BDF00 /* Assets.xcassets */; };
		E26B49652CE3CA01006BDF00 /* Preview Assets.xcassets in Resources */ = {isa = PBXBuildFile; fileRef = E26B49642CE3CA01006BDF00 /* Preview Assets.xcassets */; };
		E26B496F2CE3CA02006BDF00 /* cvs_flickr_searchTests.swift in Sources */ = {isa = PBXBuildFile; fileRef = E26B496E2CE3CA02006BDF00 /* cvs_flickr_searchTests.swift */; };
		E26B49792CE3CA02006BDF00 /* cvs_flickr_searchUITests.swift in Sources */ = {isa = PBXBuildFile; fileRef = E26B49782CE3CA02006BDF00 /* cvs_flickr_searchUITests.swift */; };
		E26B497B2CE3CA02006BDF00 /* cvs_flickr_searchUITestsLaunchTests.swift in Sources */ = {isa = PBXBuildFile; fileRef = E26B497A2CE3CA02006BDF00 /* cvs_flickr_searchUITestsLaunchTests.swift */; };
		E26B49882CE40309006BDF00 /* ImageSearchCell.swift in Sources */ = {isa = PBXBuildFile; fileRef = E26B49872CE40309006BDF00 /* ImageSearchCell.swift */; };
		E26B498A2CE40332006BDF00 /* ImageSearchViewModel.swift in Sources */ = {isa = PBXBuildFile; fileRef = E26B49892CE40332006BDF00 /* ImageSearchViewModel.swift */; };
		E26B498C2CE40364006BDF00 /* ImageData.swift in Sources */ = {isa = PBXBuildFile; fileRef = E26B498B2CE40364006BDF00 /* ImageData.swift */; };
		E26B498E2CE40386006BDF00 /* ImageDataManager.swift in Sources */ = {isa = PBXBuildFile; fileRef = E26B498D2CE40386006BDF00 /* ImageDataManager.swift */; };
		E26B49902CE403AF006BDF00 /* ImageDataAPI.swift in Sources */ = {isa = PBXBuildFile; fileRef = E26B498F2CE403AF006BDF00 /* ImageDataAPI.swift */; };
		E26B49922CE403CA006BDF00 /* ImageDataError.swift in Sources */ = {isa = PBXBuildFile; fileRef = E26B49912CE403CA006BDF00 /* ImageDataError.swift */; };
		E26B49982CE4055A006BDF00 /* ImageDetailView.swift in Sources */ = {isa = PBXBuildFile; fileRef = E26B49972CE4055A006BDF00 /* ImageDetailView.swift */; };
		E26B499B2CE41A14006BDF00 /* Ext+Color.swift in Sources */ = {isa = PBXBuildFile; fileRef = E26B499A2CE41A14006BDF00 /* Ext+Color.swift */; };
		E26B499E2CE41FD7006BDF00 /* MockImageDataManager.swift in Sources */ = {isa = PBXBuildFile; fileRef = E26B499D2CE41FD7006BDF00 /* MockImageDataManager.swift */; };
/* End PBXBuildFile section */

/* Begin PBXContainerItemProxy section */
		E26B496B2CE3CA02006BDF00 /* PBXContainerItemProxy */ = {
			isa = PBXContainerItemProxy;
			containerPortal = E26B49522CE3CA00006BDF00 /* Project object */;
			proxyType = 1;
			remoteGlobalIDString = E26B49592CE3CA00006BDF00;
			remoteInfo = "cvs-flickr-search";
		};
		E26B49752CE3CA02006BDF00 /* PBXContainerItemProxy */ = {
			isa = PBXContainerItemProxy;
			containerPortal = E26B49522CE3CA00006BDF00 /* Project object */;
			proxyType = 1;
			remoteGlobalIDString = E26B49592CE3CA00006BDF00;
			remoteInfo = "cvs-flickr-search";
		};
/* End PBXContainerItemProxy section */

/* Begin PBXFileReference section */
		E26B495A2CE3CA00006BDF00 /* cvs-flickr-search.app */ = {isa = PBXFileReference; explicitFileType = wrapper.application; includeInIndex = 0; path = "cvs-flickr-search.app"; sourceTree = BUILT_PRODUCTS_DIR; };
		E26B495D2CE3CA00006BDF00 /* cvs_flickr_searchApp.swift */ = {isa = PBXFileReference; lastKnownFileType = sourcecode.swift; path = cvs_flickr_searchApp.swift; sourceTree = "<group>"; };
		E26B495F2CE3CA00006BDF00 /* ImageSearchView.swift */ = {isa = PBXFileReference; lastKnownFileType = sourcecode.swift; path = ImageSearchView.swift; sourceTree = "<group>"; };
		E26B49612CE3CA01006BDF00 /* Assets.xcassets */ = {isa = PBXFileReference; lastKnownFileType = folder.assetcatalog; path = Assets.xcassets; sourceTree = "<group>"; };
		E26B49642CE3CA01006BDF00 /* Preview Assets.xcassets */ = {isa = PBXFileReference; lastKnownFileType = folder.assetcatalog; path = "Preview Assets.xcassets"; sourceTree = "<group>"; };
		E26B496A2CE3CA02006BDF00 /* cvs-flickr-searchTests.xctest */ = {isa = PBXFileReference; explicitFileType = wrapper.cfbundle; includeInIndex = 0; path = "cvs-flickr-searchTests.xctest"; sourceTree = BUILT_PRODUCTS_DIR; };
		E26B496E2CE3CA02006BDF00 /* cvs_flickr_searchTests.swift */ = {isa = PBXFileReference; lastKnownFileType = sourcecode.swift; path = cvs_flickr_searchTests.swift; sourceTree = "<group>"; };
		E26B49742CE3CA02006BDF00 /* cvs-flickr-searchUITests.xctest */ = {isa = PBXFileReference; explicitFileType = wrapper.cfbundle; includeInIndex = 0; path = "cvs-flickr-searchUITests.xctest"; sourceTree = BUILT_PRODUCTS_DIR; };
		E26B49782CE3CA02006BDF00 /* cvs_flickr_searchUITests.swift */ = {isa = PBXFileReference; lastKnownFileType = sourcecode.swift; path = cvs_flickr_searchUITests.swift; sourceTree = "<group>"; };
		E26B497A2CE3CA02006BDF00 /* cvs_flickr_searchUITestsLaunchTests.swift */ = {isa = PBXFileReference; lastKnownFileType = sourcecode.swift; path = cvs_flickr_searchUITestsLaunchTests.swift; sourceTree = "<group>"; };
		E26B49872CE40309006BDF00 /* ImageSearchCell.swift */ = {isa = PBXFileReference; lastKnownFileType = sourcecode.swift; path = ImageSearchCell.swift; sourceTree = "<group>"; };
		E26B49892CE40332006BDF00 /* ImageSearchViewModel.swift */ = {isa = PBXFileReference; lastKnownFileType = sourcecode.swift; path = ImageSearchViewModel.swift; sourceTree = "<group>"; };
		E26B498B2CE40364006BDF00 /* ImageData.swift */ = {isa = PBXFileReference; lastKnownFileType = sourcecode.swift; path = ImageData.swift; sourceTree = "<group>"; };
		E26B498D2CE40386006BDF00 /* ImageDataManager.swift */ = {isa = PBXFileReference; lastKnownFileType = sourcecode.swift; path = ImageDataManager.swift; sourceTree = "<group>"; };
		E26B498F2CE403AF006BDF00 /* ImageDataAPI.swift */ = {isa = PBXFileReference; lastKnownFileType = sourcecode.swift; path = ImageDataAPI.swift; sourceTree = "<group>"; };
		E26B49912CE403CA006BDF00 /* ImageDataError.swift */ = {isa = PBXFileReference; lastKnownFileType = sourcecode.swift; path = ImageDataError.swift; sourceTree = "<group>"; };
		E26B49972CE4055A006BDF00 /* ImageDetailView.swift */ = {isa = PBXFileReference; lastKnownFileType = sourcecode.swift; path = ImageDetailView.swift; sourceTree = "<group>"; };
		E26B499A2CE41A14006BDF00 /* Ext+Color.swift */ = {isa = PBXFileReference; lastKnownFileType = sourcecode.swift; path = "Ext+Color.swift"; sourceTree = "<group>"; };
		E26B499D2CE41FD7006BDF00 /* MockImageDataManager.swift */ = {isa = PBXFileReference; lastKnownFileType = sourcecode.swift; path = MockImageDataManager.swift; sourceTree = "<group>"; };
/* End PBXFileReference section */

/* Begin PBXFrameworksBuildPhase section */
		E26B49572CE3CA00006BDF00 /* Frameworks */ = {
			isa = PBXFrameworksBuildPhase;
			buildActionMask = 2147483647;
			files = (
			);
			runOnlyForDeploymentPostprocessing = 0;
		};
		E26B49672CE3CA02006BDF00 /* Frameworks */ = {
			isa = PBXFrameworksBuildPhase;
			buildActionMask = 2147483647;
			files = (
			);
			runOnlyForDeploymentPostprocessing = 0;
		};
		E26B49712CE3CA02006BDF00 /* Frameworks */ = {
			isa = PBXFrameworksBuildPhase;
			buildActionMask = 2147483647;
			files = (
			);
			runOnlyForDeploymentPostprocessing = 0;
		};
/* End PBXFrameworksBuildPhase section */

/* Begin PBXGroup section */
		E26B49512CE3CA00006BDF00 = {
			isa = PBXGroup;
			children = (
				E26B495C2CE3CA00006BDF00 /* cvs-flickr-search */,
				E26B496D2CE3CA02006BDF00 /* cvs-flickr-searchTests */,
				E26B49772CE3CA02006BDF00 /* cvs-flickr-searchUITests */,
				E26B495B2CE3CA00006BDF00 /* Products */,
			);
			sourceTree = "<group>";
		};
		E26B495B2CE3CA00006BDF00 /* Products */ = {
			isa = PBXGroup;
			children = (
				E26B495A2CE3CA00006BDF00 /* cvs-flickr-search.app */,
				E26B496A2CE3CA02006BDF00 /* cvs-flickr-searchTests.xctest */,
				E26B49742CE3CA02006BDF00 /* cvs-flickr-searchUITests.xctest */,
			);
			name = Products;
			sourceTree = "<group>";
		};
		E26B495C2CE3CA00006BDF00 /* cvs-flickr-search */ = {
			isa = PBXGroup;
			children = (
				E26B495D2CE3CA00006BDF00 /* cvs_flickr_searchApp.swift */,
				E26B49962CE4040C006BDF00 /* Views */,
				E26B49942CE403F9006BDF00 /* Networking */,
				E26B49952CE40402006BDF00 /* Models */,
				E26B499C2CE41A1E006BDF00 /* Extensions */,
				E26B49612CE3CA01006BDF00 /* Assets.xcassets */,
				E26B49632CE3CA01006BDF00 /* Preview Content */,
			);
			path = "cvs-flickr-search";
			sourceTree = "<group>";
		};
		E26B49632CE3CA01006BDF00 /* Preview Content */ = {
			isa = PBXGroup;
			children = (
				E26B49642CE3CA01006BDF00 /* Preview Assets.xcassets */,
			);
			path = "Preview Content";
			sourceTree = "<group>";
		};
		E26B496D2CE3CA02006BDF00 /* cvs-flickr-searchTests */ = {
			isa = PBXGroup;
			children = (
				E26B496E2CE3CA02006BDF00 /* cvs_flickr_searchTests.swift */,
				E26B499D2CE41FD7006BDF00 /* MockImageDataManager.swift */,
			);
			path = "cvs-flickr-searchTests";
			sourceTree = "<group>";
		};
		E26B49772CE3CA02006BDF00 /* cvs-flickr-searchUITests */ = {
			isa = PBXGroup;
			children = (
				E26B49782CE3CA02006BDF00 /* cvs_flickr_searchUITests.swift */,
				E26B497A2CE3CA02006BDF00 /* cvs_flickr_searchUITestsLaunchTests.swift */,
			);
			path = "cvs-flickr-searchUITests";
			sourceTree = "<group>";
		};
		E26B49932CE403E7006BDF00 /* ImageSearchView */ = {
			isa = PBXGroup;
			children = (
				E26B495F2CE3CA00006BDF00 /* ImageSearchView.swift */,
				E26B49872CE40309006BDF00 /* ImageSearchCell.swift */,
				E26B49892CE40332006BDF00 /* ImageSearchViewModel.swift */,
			);
			path = ImageSearchView;
			sourceTree = "<group>";
		};
		E26B49942CE403F9006BDF00 /* Networking */ = {
			isa = PBXGroup;
			children = (
				E26B498F2CE403AF006BDF00 /* ImageDataAPI.swift */,
				E26B49912CE403CA006BDF00 /* ImageDataError.swift */,
				E26B498D2CE40386006BDF00 /* ImageDataManager.swift */,
			);
			path = Networking;
			sourceTree = "<group>";
		};
		E26B49952CE40402006BDF00 /* Models */ = {
			isa = PBXGroup;
			children = (
				E26B498B2CE40364006BDF00 /* ImageData.swift */,
			);
			path = Models;
			sourceTree = "<group>";
		};
		E26B49962CE4040C006BDF00 /* Views */ = {
			isa = PBXGroup;
			children = (
				E26B49932CE403E7006BDF00 /* ImageSearchView */,
				E26B49992CE40561006BDF00 /* ImageDetailView */,
			);
			path = Views;
			sourceTree = "<group>";
		};
		E26B49992CE40561006BDF00 /* ImageDetailView */ = {
			isa = PBXGroup;
			children = (
				E26B49972CE4055A006BDF00 /* ImageDetailView.swift */,
			);
			path = ImageDetailView;
			sourceTree = "<group>";
		};
		E26B499C2CE41A1E006BDF00 /* Extensions */ = {
			isa = PBXGroup;
			children = (
				E26B499A2CE41A14006BDF00 /* Ext+Color.swift */,
			);
			path = Extensions;
			sourceTree = "<group>";
		};
/* End PBXGroup section */

/* Begin PBXNativeTarget section */
		E26B49592CE3CA00006BDF00 /* cvs-flickr-search */ = {
			isa = PBXNativeTarget;
			buildConfigurationList = E26B497E2CE3CA02006BDF00 /* Build configuration list for PBXNativeTarget "cvs-flickr-search" */;
			buildPhases = (
				E26B49562CE3CA00006BDF00 /* Sources */,
				E26B49572CE3CA00006BDF00 /* Frameworks */,
				E26B49582CE3CA00006BDF00 /* Resources */,
			);
			buildRules = (
			);
			dependencies = (
			);
			name = "cvs-flickr-search";
			productName = "cvs-flickr-search";
			productReference = E26B495A2CE3CA00006BDF00 /* cvs-flickr-search.app */;
			productType = "com.apple.product-type.application";
		};
		E26B49692CE3CA02006BDF00 /* cvs-flickr-searchTests */ = {
			isa = PBXNativeTarget;
			buildConfigurationList = E26B49812CE3CA02006BDF00 /* Build configuration list for PBXNativeTarget "cvs-flickr-searchTests" */;
			buildPhases = (
				E26B49662CE3CA02006BDF00 /* Sources */,
				E26B49672CE3CA02006BDF00 /* Frameworks */,
				E26B49682CE3CA02006BDF00 /* Resources */,
			);
			buildRules = (
			);
			dependencies = (
				E26B496C2CE3CA02006BDF00 /* PBXTargetDependency */,
			);
			name = "cvs-flickr-searchTests";
			productName = "cvs-flickr-searchTests";
			productReference = E26B496A2CE3CA02006BDF00 /* cvs-flickr-searchTests.xctest */;
			productType = "com.apple.product-type.bundle.unit-test";
		};
		E26B49732CE3CA02006BDF00 /* cvs-flickr-searchUITests */ = {
			isa = PBXNativeTarget;
			buildConfigurationList = E26B49842CE3CA02006BDF00 /* Build configuration list for PBXNativeTarget "cvs-flickr-searchUITests" */;
			buildPhases = (
				E26B49702CE3CA02006BDF00 /* Sources */,
				E26B49712CE3CA02006BDF00 /* Frameworks */,
				E26B49722CE3CA02006BDF00 /* Resources */,
			);
			buildRules = (
			);
			dependencies = (
				E26B49762CE3CA02006BDF00 /* PBXTargetDependency */,
			);
			name = "cvs-flickr-searchUITests";
			productName = "cvs-flickr-searchUITests";
			productReference = E26B49742CE3CA02006BDF00 /* cvs-flickr-searchUITests.xctest */;
			productType = "com.apple.product-type.bundle.ui-testing";
		};
/* End PBXNativeTarget section */

/* Begin PBXProject section */
		E26B49522CE3CA00006BDF00 /* Project object */ = {
			isa = PBXProject;
			attributes = {
				BuildIndependentTargetsInParallel = 1;
				LastSwiftUpdateCheck = 1540;
				LastUpgradeCheck = 1540;
				TargetAttributes = {
					E26B49592CE3CA00006BDF00 = {
						CreatedOnToolsVersion = 15.4;
					};
					E26B49692CE3CA02006BDF00 = {
						CreatedOnToolsVersion = 15.4;
						TestTargetID = E26B49592CE3CA00006BDF00;
					};
					E26B49732CE3CA02006BDF00 = {
						CreatedOnToolsVersion = 15.4;
						TestTargetID = E26B49592CE3CA00006BDF00;
					};
				};
			};
			buildConfigurationList = E26B49552CE3CA00006BDF00 /* Build configuration list for PBXProject "cvs-flickr-search" */;
			compatibilityVersion = "Xcode 14.0";
			developmentRegion = en;
			hasScannedForEncodings = 0;
			knownRegions = (
				en,
				Base,
			);
			mainGroup = E26B49512CE3CA00006BDF00;
			productRefGroup = E26B495B2CE3CA00006BDF00 /* Products */;
			projectDirPath = "";
			projectRoot = "";
			targets = (
				E26B49592CE3CA00006BDF00 /* cvs-flickr-search */,
				E26B49692CE3CA02006BDF00 /* cvs-flickr-searchTests */,
				E26B49732CE3CA02006BDF00 /* cvs-flickr-searchUITests */,
			);
		};
/* End PBXProject section */

/* Begin PBXResourcesBuildPhase section */
		E26B49582CE3CA00006BDF00 /* Resources */ = {
			isa = PBXResourcesBuildPhase;
			buildActionMask = 2147483647;
			files = (
				E26B49652CE3CA01006BDF00 /* Preview Assets.xcassets in Resources */,
				E26B49622CE3CA01006BDF00 /* Assets.xcassets in Resources */,
			);
			runOnlyForDeploymentPostprocessing = 0;
		};
		E26B49682CE3CA02006BDF00 /* Resources */ = {
			isa = PBXResourcesBuildPhase;
			buildActionMask = 2147483647;
			files = (
			);
			runOnlyForDeploymentPostprocessing = 0;
		};
		E26B49722CE3CA02006BDF00 /* Resources */ = {
			isa = PBXResourcesBuildPhase;
			buildActionMask = 2147483647;
			files = (
			);
			runOnlyForDeploymentPostprocessing = 0;
		};
/* End PBXResourcesBuildPhase section */

/* Begin PBXSourcesBuildPhase section */
		E26B49562CE3CA00006BDF00 /* Sources */ = {
			isa = PBXSourcesBuildPhase;
			buildActionMask = 2147483647;
			files = (
				E26B49602CE3CA00006BDF00 /* ImageSearchView.swift in Sources */,
				E26B498E2CE40386006BDF00 /* ImageDataManager.swift in Sources */,
				E26B495E2CE3CA00006BDF00 /* cvs_flickr_searchApp.swift in Sources */,
				E26B49902CE403AF006BDF00 /* ImageDataAPI.swift in Sources */,
				E26B498A2CE40332006BDF00 /* ImageSearchViewModel.swift in Sources */,
				E26B499B2CE41A14006BDF00 /* Ext+Color.swift in Sources */,
				E26B498C2CE40364006BDF00 /* ImageData.swift in Sources */,
				E26B49922CE403CA006BDF00 /* ImageDataError.swift in Sources */,
				E26B49882CE40309006BDF00 /* ImageSearchCell.swift in Sources */,
				E26B49982CE4055A006BDF00 /* ImageDetailView.swift in Sources */,
			);
			runOnlyForDeploymentPostprocessing = 0;
		};
		E26B49662CE3CA02006BDF00 /* Sources */ = {
			isa = PBXSourcesBuildPhase;
			buildActionMask = 2147483647;
			files = (
				E26B496F2CE3CA02006BDF00 /* cvs_flickr_searchTests.swift in Sources */,
				E26B499E2CE41FD7006BDF00 /* MockImageDataManager.swift in Sources */,
			);
			runOnlyForDeploymentPostprocessing = 0;
		};
		E26B49702CE3CA02006BDF00 /* Sources */ = {
			isa = PBXSourcesBuildPhase;
			buildActionMask = 2147483647;
			files = (
				E26B497B2CE3CA02006BDF00 /* cvs_flickr_searchUITestsLaunchTests.swift in Sources */,
				E26B49792CE3CA02006BDF00 /* cvs_flickr_searchUITests.swift in Sources */,
			);
			runOnlyForDeploymentPostprocessing = 0;
		};
/* End PBXSourcesBuildPhase section */

/* Begin PBXTargetDependency section */
		E26B496C2CE3CA02006BDF00 /* PBXTargetDependency */ = {
			isa = PBXTargetDependency;
			target = E26B49592CE3CA00006BDF00 /* cvs-flickr-search */;
			targetProxy = E26B496B2CE3CA02006BDF00 /* PBXContainerItemProxy */;
		};
		E26B49762CE3CA02006BDF00 /* PBXTargetDependency */ = {
			isa = PBXTargetDependency;
			target = E26B49592CE3CA00006BDF00 /* cvs-flickr-search */;
			targetProxy = E26B49752CE3CA02006BDF00 /* PBXContainerItemProxy */;
		};
/* End PBXTargetDependency section */

/* Begin XCBuildConfiguration section */
		E26B497C2CE3CA02006BDF00 /* Debug */ = {
			isa = XCBuildConfiguration;
			buildSettings = {
				ALWAYS_SEARCH_USER_PATHS = NO;
				ASSETCATALOG_COMPILER_GENERATE_SWIFT_ASSET_SYMBOL_EXTENSIONS = YES;
				CLANG_ANALYZER_NONNULL = YES;
				CLANG_ANALYZER_NUMBER_OBJECT_CONVERSION = YES_AGGRESSIVE;
				CLANG_CXX_LANGUAGE_STANDARD = "gnu++20";
				CLANG_ENABLE_MODULES = YES;
				CLANG_ENABLE_OBJC_ARC = YES;
				CLANG_ENABLE_OBJC_WEAK = YES;
				CLANG_WARN_BLOCK_CAPTURE_AUTORELEASING = YES;
				CLANG_WARN_BOOL_CONVERSION = YES;
				CLANG_WARN_COMMA = YES;
				CLANG_WARN_CONSTANT_CONVERSION = YES;
				CLANG_WARN_DEPRECATED_OBJC_IMPLEMENTATIONS = YES;
				CLANG_WARN_DIRECT_OBJC_ISA_USAGE = YES_ERROR;
				CLANG_WARN_DOCUMENTATION_COMMENTS = YES;
				CLANG_WARN_EMPTY_BODY = YES;
				CLANG_WARN_ENUM_CONVERSION = YES;
				CLANG_WARN_INFINITE_RECURSION = YES;
				CLANG_WARN_INT_CONVERSION = YES;
				CLANG_WARN_NON_LITERAL_NULL_CONVERSION = YES;
				CLANG_WARN_OBJC_IMPLICIT_RETAIN_SELF = YES;
				CLANG_WARN_OBJC_LITERAL_CONVERSION = YES;
				CLANG_WARN_OBJC_ROOT_CLASS = YES_ERROR;
				CLANG_WARN_QUOTED_INCLUDE_IN_FRAMEWORK_HEADER = YES;
				CLANG_WARN_RANGE_LOOP_ANALYSIS = YES;
				CLANG_WARN_STRICT_PROTOTYPES = YES;
				CLANG_WARN_SUSPICIOUS_MOVE = YES;
				CLANG_WARN_UNGUARDED_AVAILABILITY = YES_AGGRESSIVE;
				CLANG_WARN_UNREACHABLE_CODE = YES;
				CLANG_WARN__DUPLICATE_METHOD_MATCH = YES;
				COPY_PHASE_STRIP = NO;
				DEBUG_INFORMATION_FORMAT = dwarf;
				ENABLE_STRICT_OBJC_MSGSEND = YES;
				ENABLE_TESTABILITY = YES;
				ENABLE_USER_SCRIPT_SANDBOXING = YES;
				GCC_C_LANGUAGE_STANDARD = gnu17;
				GCC_DYNAMIC_NO_PIC = NO;
				GCC_NO_COMMON_BLOCKS = YES;
				GCC_OPTIMIZATION_LEVEL = 0;
				GCC_PREPROCESSOR_DEFINITIONS = (
					"DEBUG=1",
					"$(inherited)",
				);
				GCC_WARN_64_TO_32_BIT_CONVERSION = YES;
				GCC_WARN_ABOUT_RETURN_TYPE = YES_ERROR;
				GCC_WARN_UNDECLARED_SELECTOR = YES;
				GCC_WARN_UNINITIALIZED_AUTOS = YES_AGGRESSIVE;
				GCC_WARN_UNUSED_FUNCTION = YES;
				GCC_WARN_UNUSED_VARIABLE = YES;
				IPHONEOS_DEPLOYMENT_TARGET = 17.5;
				LOCALIZATION_PREFERS_STRING_CATALOGS = YES;
				MTL_ENABLE_DEBUG_INFO = INCLUDE_SOURCE;
				MTL_FAST_MATH = YES;
				ONLY_ACTIVE_ARCH = YES;
				SDKROOT = iphoneos;
				SWIFT_ACTIVE_COMPILATION_CONDITIONS = "DEBUG $(inherited)";
				SWIFT_OPTIMIZATION_LEVEL = "-Onone";
			};
			name = Debug;
		};
		E26B497D2CE3CA02006BDF00 /* Release */ = {
			isa = XCBuildConfiguration;
			buildSettings = {
				ALWAYS_SEARCH_USER_PATHS = NO;
				ASSETCATALOG_COMPILER_GENERATE_SWIFT_ASSET_SYMBOL_EXTENSIONS = YES;
				CLANG_ANALYZER_NONNULL = YES;
				CLANG_ANALYZER_NUMBER_OBJECT_CONVERSION = YES_AGGRESSIVE;
				CLANG_CXX_LANGUAGE_STANDARD = "gnu++20";
				CLANG_ENABLE_MODULES = YES;
				CLANG_ENABLE_OBJC_ARC = YES;
				CLANG_ENABLE_OBJC_WEAK = YES;
				CLANG_WARN_BLOCK_CAPTURE_AUTORELEASING = YES;
				CLANG_WARN_BOOL_CONVERSION = YES;
				CLANG_WARN_COMMA = YES;
				CLANG_WARN_CONSTANT_CONVERSION = YES;
				CLANG_WARN_DEPRECATED_OBJC_IMPLEMENTATIONS = YES;
				CLANG_WARN_DIRECT_OBJC_ISA_USAGE = YES_ERROR;
				CLANG_WARN_DOCUMENTATION_COMMENTS = YES;
				CLANG_WARN_EMPTY_BODY = YES;
				CLANG_WARN_ENUM_CONVERSION = YES;
				CLANG_WARN_INFINITE_RECURSION = YES;
				CLANG_WARN_INT_CONVERSION = YES;
				CLANG_WARN_NON_LITERAL_NULL_CONVERSION = YES;
				CLANG_WARN_OBJC_IMPLICIT_RETAIN_SELF = YES;
				CLANG_WARN_OBJC_LITERAL_CONVERSION = YES;
				CLANG_WARN_OBJC_ROOT_CLASS = YES_ERROR;
				CLANG_WARN_QUOTED_INCLUDE_IN_FRAMEWORK_HEADER = YES;
				CLANG_WARN_RANGE_LOOP_ANALYSIS = YES;
				CLANG_WARN_STRICT_PROTOTYPES = YES;
				CLANG_WARN_SUSPICIOUS_MOVE = YES;
				CLANG_WARN_UNGUARDED_AVAILABILITY = YES_AGGRESSIVE;
				CLANG_WARN_UNREACHABLE_CODE = YES;
				CLANG_WARN__DUPLICATE_METHOD_MATCH = YES;
				COPY_PHASE_STRIP = NO;
				DEBUG_INFORMATION_FORMAT = "dwarf-with-dsym";
				ENABLE_NS_ASSERTIONS = NO;
				ENABLE_STRICT_OBJC_MSGSEND = YES;
				ENABLE_USER_SCRIPT_SANDBOXING = YES;
				GCC_C_LANGUAGE_STANDARD = gnu17;
				GCC_NO_COMMON_BLOCKS = YES;
				GCC_WARN_64_TO_32_BIT_CONVERSION = YES;
				GCC_WARN_ABOUT_RETURN_TYPE = YES_ERROR;
				GCC_WARN_UNDECLARED_SELECTOR = YES;
				GCC_WARN_UNINITIALIZED_AUTOS = YES_AGGRESSIVE;
				GCC_WARN_UNUSED_FUNCTION = YES;
				GCC_WARN_UNUSED_VARIABLE = YES;
				IPHONEOS_DEPLOYMENT_TARGET = 17.5;
				LOCALIZATION_PREFERS_STRING_CATALOGS = YES;
				MTL_ENABLE_DEBUG_INFO = NO;
				MTL_FAST_MATH = YES;
				SDKROOT = iphoneos;
				SWIFT_COMPILATION_MODE = wholemodule;
				VALIDATE_PRODUCT = YES;
			};
			name = Release;
		};
		E26B497F2CE3CA02006BDF00 /* Debug */ = {
			isa = XCBuildConfiguration;
			buildSettings = {
				ASSETCATALOG_COMPILER_APPICON_NAME = AppIcon;
				ASSETCATALOG_COMPILER_GLOBAL_ACCENT_COLOR_NAME = AccentColor;
				CODE_SIGN_STYLE = Automatic;
				CURRENT_PROJECT_VERSION = 1;
				DEVELOPMENT_ASSET_PATHS = "\"cvs-flickr-search/Preview Content\"";
				DEVELOPMENT_TEAM = LH42W44VY6;
				ENABLE_PREVIEWS = YES;
				GENERATE_INFOPLIST_FILE = YES;
				INFOPLIST_KEY_UIApplicationSceneManifest_Generation = YES;
				INFOPLIST_KEY_UIApplicationSupportsIndirectInputEvents = YES;
				INFOPLIST_KEY_UILaunchScreen_Generation = YES;
				INFOPLIST_KEY_UISupportedInterfaceOrientations_iPad = "UIInterfaceOrientationPortrait UIInterfaceOrientationPortraitUpsideDown UIInterfaceOrientationLandscapeLeft UIInterfaceOrientationLandscapeRight";
				INFOPLIST_KEY_UISupportedInterfaceOrientations_iPhone = "UIInterfaceOrientationPortrait UIInterfaceOrientationLandscapeLeft UIInterfaceOrientationLandscapeRight";
				LD_RUNPATH_SEARCH_PATHS = (
					"$(inherited)",
					"@executable_path/Frameworks",
				);
				MARKETING_VERSION = 1.0;
				PRODUCT_BUNDLE_IDENTIFIER = "com.HartleyDevelopment.cvs-flickr-search";
				PRODUCT_NAME = "$(TARGET_NAME)";
				SUPPORTS_TEXT_BASED_API = NO;
				SWIFT_EMIT_LOC_STRINGS = YES;
				SWIFT_VERSION = 5.0;
				TARGETED_DEVICE_FAMILY = "1,2";
			};
			name = Debug;
		};
		E26B49802CE3CA02006BDF00 /* Release */ = {
			isa = XCBuildConfiguration;
			buildSettings = {
				ASSETCATALOG_COMPILER_APPICON_NAME = AppIcon;
				ASSETCATALOG_COMPILER_GLOBAL_ACCENT_COLOR_NAME = AccentColor;
				CODE_SIGN_STYLE = Automatic;
				CURRENT_PROJECT_VERSION = 1;
				DEVELOPMENT_ASSET_PATHS = "\"cvs-flickr-search/Preview Content\"";
				DEVELOPMENT_TEAM = LH42W44VY6;
				ENABLE_PREVIEWS = YES;
				GENERATE_INFOPLIST_FILE = YES;
				INFOPLIST_KEY_UIApplicationSceneManifest_Generation = YES;
				INFOPLIST_KEY_UIApplicationSupportsIndirectInputEvents = YES;
				INFOPLIST_KEY_UILaunchScreen_Generation = YES;
				INFOPLIST_KEY_UISupportedInterfaceOrientations_iPad = "UIInterfaceOrientationPortrait UIInterfaceOrientationPortraitUpsideDown UIInterfaceOrientationLandscapeLeft UIInterfaceOrientationLandscapeRight";
				INFOPLIST_KEY_UISupportedInterfaceOrientations_iPhone = "UIInterfaceOrientationPortrait UIInterfaceOrientationLandscapeLeft UIInterfaceOrientationLandscapeRight";
				LD_RUNPATH_SEARCH_PATHS = (
					"$(inherited)",
					"@executable_path/Frameworks",
				);
				MARKETING_VERSION = 1.0;
				PRODUCT_BUNDLE_IDENTIFIER = "com.HartleyDevelopment.cvs-flickr-search";
				PRODUCT_NAME = "$(TARGET_NAME)";
				SUPPORTS_TEXT_BASED_API = NO;
				SWIFT_EMIT_LOC_STRINGS = YES;
				SWIFT_VERSION = 5.0;
				TARGETED_DEVICE_FAMILY = "1,2";
			};
			name = Release;
		};
		E26B49822CE3CA02006BDF00 /* Debug */ = {
			isa = XCBuildConfiguration;
			buildSettings = {
				ALWAYS_EMBED_SWIFT_STANDARD_LIBRARIES = YES;
				BUNDLE_LOADER = "$(TEST_HOST)";
				CODE_SIGN_STYLE = Automatic;
				CURRENT_PROJECT_VERSION = 1;
				DEVELOPMENT_TEAM = LH42W44VY6;
				GENERATE_INFOPLIST_FILE = YES;
				IPHONEOS_DEPLOYMENT_TARGET = 17.5;
				MARKETING_VERSION = 1.0;
				PRODUCT_BUNDLE_IDENTIFIER = "com.HartleyDevelopment.cvs-flickr-searchTests";
				PRODUCT_NAME = "$(TARGET_NAME)";
				SWIFT_EMIT_LOC_STRINGS = NO;
				SWIFT_VERSION = 5.0;
				TARGETED_DEVICE_FAMILY = "1,2";
				TEST_HOST = "$(BUILT_PRODUCTS_DIR)/cvs-flickr-search.app/$(BUNDLE_EXECUTABLE_FOLDER_PATH)/cvs-flickr-search";
			};
			name = Debug;
		};
		E26B49832CE3CA02006BDF00 /* Release */ = {
			isa = XCBuildConfiguration;
			buildSettings = {
				ALWAYS_EMBED_SWIFT_STANDARD_LIBRARIES = YES;
				BUNDLE_LOADER = "$(TEST_HOST)";
				CODE_SIGN_STYLE = Automatic;
				CURRENT_PROJECT_VERSION = 1;
				DEVELOPMENT_TEAM = LH42W44VY6;
				GENERATE_INFOPLIST_FILE = YES;
				IPHONEOS_DEPLOYMENT_TARGET = 17.5;
				MARKETING_VERSION = 1.0;
				PRODUCT_BUNDLE_IDENTIFIER = "com.HartleyDevelopment.cvs-flickr-searchTests";
				PRODUCT_NAME = "$(TARGET_NAME)";
				SWIFT_EMIT_LOC_STRINGS = NO;
				SWIFT_VERSION = 5.0;
				TARGETED_DEVICE_FAMILY = "1,2";
				TEST_HOST = "$(BUILT_PRODUCTS_DIR)/cvs-flickr-search.app/$(BUNDLE_EXECUTABLE_FOLDER_PATH)/cvs-flickr-search";
			};
			name = Release;
		};
		E26B49852CE3CA02006BDF00 /* Debug */ = {
			isa = XCBuildConfiguration;
			buildSettings = {
				ALWAYS_EMBED_SWIFT_STANDARD_LIBRARIES = YES;
				CODE_SIGN_STYLE = Automatic;
				CURRENT_PROJECT_VERSION = 1;
				DEVELOPMENT_TEAM = LH42W44VY6;
				GENERATE_INFOPLIST_FILE = YES;
				MARKETING_VERSION = 1.0;
				PRODUCT_BUNDLE_IDENTIFIER = "com.HartleyDevelopment.cvs-flickr-searchUITests";
				PRODUCT_NAME = "$(TARGET_NAME)";
				SWIFT_EMIT_LOC_STRINGS = NO;
				SWIFT_VERSION = 5.0;
				TARGETED_DEVICE_FAMILY = "1,2";
				TEST_TARGET_NAME = "cvs-flickr-search";
			};
			name = Debug;
		};
		E26B49862CE3CA02006BDF00 /* Release */ = {
			isa = XCBuildConfiguration;
			buildSettings = {
				ALWAYS_EMBED_SWIFT_STANDARD_LIBRARIES = YES;
				CODE_SIGN_STYLE = Automatic;
				CURRENT_PROJECT_VERSION = 1;
				DEVELOPMENT_TEAM = LH42W44VY6;
				GENERATE_INFOPLIST_FILE = YES;
				MARKETING_VERSION = 1.0;
				PRODUCT_BUNDLE_IDENTIFIER = "com.HartleyDevelopment.cvs-flickr-searchUITests";
				PRODUCT_NAME = "$(TARGET_NAME)";
				SWIFT_EMIT_LOC_STRINGS = NO;
				SWIFT_VERSION = 5.0;
				TARGETED_DEVICE_FAMILY = "1,2";
				TEST_TARGET_NAME = "cvs-flickr-search";
			};
			name = Release;
		};
/* End XCBuildConfiguration section */

/* Begin XCConfigurationList section */
		E26B49552CE3CA00006BDF00 /* Build configuration list for PBXProject "cvs-flickr-search" */ = {
			isa = XCConfigurationList;
			buildConfigurations = (
				E26B497C2CE3CA02006BDF00 /* Debug */,
				E26B497D2CE3CA02006BDF00 /* Release */,
			);
			defaultConfigurationIsVisible = 0;
			defaultConfigurationName = Release;
		};
		E26B497E2CE3CA02006BDF00 /* Build configuration list for PBXNativeTarget "cvs-flickr-search" */ = {
			isa = XCConfigurationList;
			buildConfigurations = (
				E26B497F2CE3CA02006BDF00 /* Debug */,
				E26B49802CE3CA02006BDF00 /* Release */,
			);
			defaultConfigurationIsVisible = 0;
			defaultConfigurationName = Release;
		};
		E26B49812CE3CA02006BDF00 /* Build configuration list for PBXNativeTarget "cvs-flickr-searchTests" */ = {
			isa = XCConfigurationList;
			buildConfigurations = (
				E26B49822CE3CA02006BDF00 /* Debug */,
				E26B49832CE3CA02006BDF00 /* Release */,
			);
			defaultConfigurationIsVisible = 0;
			defaultConfigurationName = Release;
		};
		E26B49842CE3CA02006BDF00 /* Build configuration list for PBXNativeTarget "cvs-flickr-searchUITests" */ = {
			isa = XCConfigurationList;
			buildConfigurations = (
				E26B49852CE3CA02006BDF00 /* Debug */,
				E26B49862CE3CA02006BDF00 /* Release */,
			);
			defaultConfigurationIsVisible = 0;
			defaultConfigurationName = Release;
		};
/* End XCConfigurationList section */
	};
	rootObject = E26B49522CE3CA00006BDF00 /* Project object */;
}
